// !$*UTF8*$!
{
	archiveVersion = 1;
	classes = {
	};
	objectVersion = 56;
	objects = {

/* Begin PBXBuildFile section */
		A1100001000000000000001A /* RangeCaddyApp.swift in Sources */ = {isa = PBXBuildFile; fileRef = B1100001000000000000001A /* RangeCaddyApp.swift */; };
		A1100002000000000000001A /* Enums.swift in Sources */ = {isa = PBXBuildFile; fileRef = B1100002000000000000001A /* Enums.swift */; };
		A1100003000000000000001A /* Drill.swift in Sources */ = {isa = PBXBuildFile; fileRef = B1100003000000000000001A /* Drill.swift */; };
		A1100004000000000000001A /* DrillRecord.swift in Sources */ = {isa = PBXBuildFile; fileRef = B1100004000000000000001A /* DrillRecord.swift */; };
		A1100005000000000000001A /* Session.swift in Sources */ = {isa = PBXBuildFile; fileRef = B1100005000000000000001A /* Session.swift */; };
		A1100006000000000000001A /* SkillState.swift in Sources */ = {isa = PBXBuildFile; fileRef = B1100006000000000000001A /* SkillState.swift */; };
		A1100007000000000000001A /* UserPreferences.swift in Sources */ = {isa = PBXBuildFile; fileRef = B1100007000000000000001A /* UserPreferences.swift */; };
		A1100008000000000000001A /* DrillLibrary.swift in Sources */ = {isa = PBXBuildFile; fileRef = B1100008000000000000001A /* DrillLibrary.swift */; };
		A1100009000000000000001A /* BayesianModel.swift in Sources */ = {isa = PBXBuildFile; fileRef = B1100009000000000000001A /* BayesianModel.swift */; };
		A110000A000000000000001A /* SessionGenerator.swift in Sources */ = {isa = PBXBuildFile; fileRef = B110000A000000000000001A /* SessionGenerator.swift */; };
		A110000B000000000000001A /* ContentView.swift in Sources */ = {isa = PBXBuildFile; fileRef = B110000B000000000000001A /* ContentView.swift */; };
		A110000C000000000000001A /* HomeView.swift in Sources */ = {isa = PBXBuildFile; fileRef = B110000C000000000000001A /* HomeView.swift */; };
		A110000D000000000000001A /* SessionSetupView.swift in Sources */ = {isa = PBXBuildFile; fileRef = B110000D000000000000001A /* SessionSetupView.swift */; };
		A110000E000000000000001A /* SessionPlanView.swift in Sources */ = {isa = PBXBuildFile; fileRef = B110000E000000000000001A /* SessionPlanView.swift */; };
		A110000F000000000000001A /* DrillRunnerView.swift in Sources */ = {isa = PBXBuildFile; fileRef = B110000F000000000000001A /* DrillRunnerView.swift */; };
		A1100010000000000000001A /* DrillRatingView.swift in Sources */ = {isa = PBXBuildFile; fileRef = B1100010000000000000001A /* DrillRatingView.swift */; };
		A1100011000000000000001A /* SessionSummaryView.swift in Sources */ = {isa = PBXBuildFile; fileRef = B1100011000000000000001A /* SessionSummaryView.swift */; };
		A1100012000000000000001A /* HistoryView.swift in Sources */ = {isa = PBXBuildFile; fileRef = B1100012000000000000001A /* HistoryView.swift */; };
		A1100013000000000000001A /* SkillDashboardView.swift in Sources */ = {isa = PBXBuildFile; fileRef = B1100013000000000000001A /* SkillDashboardView.swift */; };
		A1100014000000000000001A /* SkillBar.swift in Sources */ = {isa = PBXBuildFile; fileRef = B1100014000000000000001A /* SkillBar.swift */; };
		A2000001000000000000001A /* Assets.xcassets in Resources */ = {isa = PBXBuildFile; fileRef = B2000001000000000000001A /* Assets.xcassets */; };
		A2000002000000000000001A /* Preview Assets.xcassets in Resources */ = {isa = PBXBuildFile; fileRef = B2000002000000000000001A /* Preview Assets.xcassets */; };
/* End PBXBuildFile section */

/* Begin PBXFileReference section */
		B1100001000000000000001A /* RangeCaddyApp.swift */ = {isa = PBXFileReference; lastKnownFileType = sourcecode.swift; path = RangeCaddyApp.swift; sourceTree = "<group>"; };
		B1100002000000000000001A /* Enums.swift */ = {isa = PBXFileReference; lastKnownFileType = sourcecode.swift; path = Enums.swift; sourceTree = "<group>"; };
		B1100003000000000000001A /* Drill.swift */ = {isa = PBXFileReference; lastKnownFileType = sourcecode.swift; path = Drill.swift; sourceTree = "<group>"; };
		B1100004000000000000001A /* DrillRecord.swift */ = {isa = PBXFileReference; lastKnownFileType = sourcecode.swift; path = DrillRecord.swift; sourceTree = "<group>"; };
		B1100005000000000000001A /* Session.swift */ = {isa = PBXFileReference; lastKnownFileType = sourcecode.swift; path = Session.swift; sourceTree = "<group>"; };
		B1100006000000000000001A /* SkillState.swift */ = {isa = PBXFileReference; lastKnownFileType = sourcecode.swift; path = SkillState.swift; sourceTree = "<group>"; };
		B1100007000000000000001A /* UserPreferences.swift */ = {isa = PBXFileReference; lastKnownFileType = sourcecode.swift; path = UserPreferences.swift; sourceTree = "<group>"; };
		B1100008000000000000001A /* DrillLibrary.swift */ = {isa = PBXFileReference; lastKnownFileType = sourcecode.swift; path = DrillLibrary.swift; sourceTree = "<group>"; };
		B1100009000000000000001A /* BayesianModel.swift */ = {isa = PBXFileReference; lastKnownFileType = sourcecode.swift; path = BayesianModel.swift; sourceTree = "<group>"; };
		B110000A000000000000001A /* SessionGenerator.swift */ = {isa = PBXFileReference; lastKnownFileType = sourcecode.swift; path = SessionGenerator.swift; sourceTree = "<group>"; };
		B110000B000000000000001A /* ContentView.swift */ = {isa = PBXFileReference; lastKnownFileType = sourcecode.swift; path = ContentView.swift; sourceTree = "<group>"; };
		B110000C000000000000001A /* HomeView.swift */ = {isa = PBXFileReference; lastKnownFileType = sourcecode.swift; path = HomeView.swift; sourceTree = "<group>"; };
		B110000D000000000000001A /* SessionSetupView.swift */ = {isa = PBXFileReference; lastKnownFileType = sourcecode.swift; path = SessionSetupView.swift; sourceTree = "<group>"; };
		B110000E000000000000001A /* SessionPlanView.swift */ = {isa = PBXFileReference; lastKnownFileType = sourcecode.swift; path = SessionPlanView.swift; sourceTree = "<group>"; };
		B110000F000000000000001A /* DrillRunnerView.swift */ = {isa = PBXFileReference; lastKnownFileType = sourcecode.swift; path = DrillRunnerView.swift; sourceTree = "<group>"; };
		B1100010000000000000001A /* DrillRatingView.swift */ = {isa = PBXFileReference; lastKnownFileType = sourcecode.swift; path = DrillRatingView.swift; sourceTree = "<group>"; };
		B1100011000000000000001A /* SessionSummaryView.swift */ = {isa = PBXFileReference; lastKnownFileType = sourcecode.swift; path = SessionSummaryView.swift; sourceTree = "<group>"; };
		B1100012000000000000001A /* HistoryView.swift */ = {isa = PBXFileReference; lastKnownFileType = sourcecode.swift; path = HistoryView.swift; sourceTree = "<group>"; };
		B1100013000000000000001A /* SkillDashboardView.swift */ = {isa = PBXFileReference; lastKnownFileType = sourcecode.swift; path = SkillDashboardView.swift; sourceTree = "<group>"; };
		B1100014000000000000001A /* SkillBar.swift */ = {isa = PBXFileReference; lastKnownFileType = sourcecode.swift; path = SkillBar.swift; sourceTree = "<group>"; };
		B2000001000000000000001A /* Assets.xcassets */ = {isa = PBXFileReference; lastKnownFileType = folder.assetcatalog; path = Assets.xcassets; sourceTree = "<group>"; };
		B2000002000000000000001A /* Preview Assets.xcassets */ = {isa = PBXFileReference; lastKnownFileType = folder.assetcatalog; path = "Preview Assets.xcassets"; sourceTree = "<group>"; };
		C0000001000000000000001A /* RangeCaddy.app */ = {isa = PBXFileReference; explicitFileType = wrapper.application; includeInIndex = 0; path = RangeCaddy.app; sourceTree = BUILT_PRODUCTS_DIR; };
/* End PBXFileReference section */

/* Begin PBXFrameworksBuildPhase section */
		F0000001000000000000001A /* Frameworks */ = {
			isa = PBXFrameworksBuildPhase;
			buildActionMask = 2147483647;
			files = (
			);
			runOnlyForDeploymentPostprocessing = 0;
		};
/* End PBXFrameworksBuildPhase section */

/* Begin PBXGroup section */
		B9000000000000000000001A /* Workspace */ = {
			isa = PBXGroup;
			children = (
				B9000001000000000000001A /* RangeCaddy */,
				B900FFFF000000000000001A /* Products */,
			);
			sourceTree = "<group>";
		};
		B900FFFF000000000000001A /* Products */ = {
			isa = PBXGroup;
			children = (
				C0000001000000000000001A /* RangeCaddy.app */,
			);
			name = Products;
			sourceTree = "<group>";
		};
		B9000001000000000000001A /* RangeCaddy */ = {
			isa = PBXGroup;
			children = (
				B1100001000000000000001A /* RangeCaddyApp.swift */,
				B9000002000000000000001A /* Models */,
				B9000003000000000000001A /* Data */,
				B9000004000000000000001A /* Engine */,
				B9000005000000000000001A /* Views */,
				B2000001000000000000001A /* Assets.xcassets */,
				B9000006000000000000001A /* Preview Content */,
			);
			path = RangeCaddy;
			sourceTree = "<group>";
		};
		B9000002000000000000001A /* Models */ = {
			isa = PBXGroup;
			children = (
				B1100002000000000000001A /* Enums.swift */,
				B1100003000000000000001A /* Drill.swift */,
				B1100004000000000000001A /* DrillRecord.swift */,
				B1100005000000000000001A /* Session.swift */,
				B1100006000000000000001A /* SkillState.swift */,
				B1100007000000000000001A /* UserPreferences.swift */,
			);
			path = Models;
			sourceTree = "<group>";
		};
		B9000003000000000000001A /* Data */ = {
			isa = PBXGroup;
			children = (
				B1100008000000000000001A /* DrillLibrary.swift */,
			);
			path = Data;
			sourceTree = "<group>";
		};
		B9000004000000000000001A /* Engine */ = {
			isa = PBXGroup;
			children = (
				B1100009000000000000001A /* BayesianModel.swift */,
				B110000A000000000000001A /* SessionGenerator.swift */,
			);
			path = Engine;
			sourceTree = "<group>";
		};
		B9000005000000000000001A /* Views */ = {
			isa = PBXGroup;
			children = (
				B110000B000000000000001A /* ContentView.swift */,
				B110000C000000000000001A /* HomeView.swift */,
				B110000D000000000000001A /* SessionSetupView.swift */,
				B110000E000000000000001A /* SessionPlanView.swift */,
				B110000F000000000000001A /* DrillRunnerView.swift */,
				B1100010000000000000001A /* DrillRatingView.swift */,
				B1100011000000000000001A /* SessionSummaryView.swift */,
				B1100012000000000000001A /* HistoryView.swift */,
				B1100013000000000000001A /* SkillDashboardView.swift */,
				B9000007000000000000001A /* Components */,
			);
			path = Views;
			sourceTree = "<group>";
		};
		B9000006000000000000001A /* Preview Content */ = {
			isa = PBXGroup;
			children = (
				B2000002000000000000001A /* Preview Assets.xcassets */,
			);
			path = "Preview Content";
			sourceTree = "<group>";
		};
		B9000007000000000000001A /* Components */ = {
			isa = PBXGroup;
			children = (
				B1100014000000000000001A /* SkillBar.swift */,
			);
			path = Components;
			sourceTree = "<group>";
		};
/* End PBXGroup section */

/* Begin PBXNativeTarget section */
		D0000001000000000000001A /* RangeCaddy */ = {
			isa = PBXNativeTarget;
			buildConfigurationList = 2A000001000000000000001A /* Build configuration list for PBXNativeTarget "RangeCaddy" */;
			buildPhases = (
				F1000001000000000000001A /* Sources */,
				F0000001000000000000001A /* Frameworks */,
				F2000001000000000000001A /* Resources */,
			);
			buildRules = (
			);
			dependencies = (
			);
			name = RangeCaddy;
			productName = RangeCaddy;
			productReference = C0000001000000000000001A /* RangeCaddy.app */;
			productType = "com.apple.product-type.application";
		};
/* End PBXNativeTarget section */

/* Begin PBXProject section */
		E0000001000000000000001A /* Project object */ = {
			isa = PBXProject;
			attributes = {
				BuildIndependentTargetsInParallel = 1;
				LastSwiftUpdateCheck = 1500;
				LastUpgradeCheck = 1500;
				TargetAttributes = {
					D0000001000000000000001A = {
						CreatedOnToolsVersion = 15.0;
					};
				};
			};
			buildConfigurationList = 2A000002000000000000001A /* Build configuration list for PBXProject "RangeCaddy" */;
			compatibilityVersion = "Xcode 14.0";
			developmentRegion = en;
			hasScannedForEncodings = 0;
			knownRegions = (
				en,
				Base,
			);
			mainGroup = B9000000000000000000001A;
			productRefGroup = B900FFFF000000000000001A /* Products */;
			projectDirPath = "";
			projectRoot = "";
			targets = (
				D0000001000000000000001A /* RangeCaddy */,
			);
		};
/* End PBXProject section */

/* Begin PBXResourcesBuildPhase section */
		F2000001000000000000001A /* Resources */ = {
			isa = PBXResourcesBuildPhase;
			buildActionMask = 2147483647;
			files = (
				A2000002000000000000001A /* Preview Assets.xcassets in Resources */,
				A2000001000000000000001A /* Assets.xcassets in Resources */,
			);
			runOnlyForDeploymentPostprocessing = 0;
		};
/* End PBXResourcesBuildPhase section */

/* Begin PBXSourcesBuildPhase section */
		F1000001000000000000001A /* Sources */ = {
			isa = PBXSourcesBuildPhase;
			buildActionMask = 2147483647;
			files = (
				A1100001000000000000001A /* RangeCaddyApp.swift in Sources */,
				A1100002000000000000001A /* Enums.swift in Sources */,
				A1100003000000000000001A /* Drill.swift in Sources */,
				A1100004000000000000001A /* DrillRecord.swift in Sources */,
				A1100005000000000000001A /* Session.swift in Sources */,
				A1100006000000000000001A /* SkillState.swift in Sources */,
				A1100007000000000000001A /* UserPreferences.swift in Sources */,
				A1100008000000000000001A /* DrillLibrary.swift in Sources */,
				A1100009000000000000001A /* BayesianModel.swift in Sources */,
				A110000A000000000000001A /* SessionGenerator.swift in Sources */,
				A110000B000000000000001A /* ContentView.swift in Sources */,
				A110000C000000000000001A /* HomeView.swift in Sources */,
				A110000D000000000000001A /* SessionSetupView.swift in Sources */,
				A110000E000000000000001A /* SessionPlanView.swift in Sources */,
				A110000F000000000000001A /* DrillRunnerView.swift in Sources */,
				A1100010000000000000001A /* DrillRatingView.swift in Sources */,
				A1100011000000000000001A /* SessionSummaryView.swift in Sources */,
				A1100012000000000000001A /* HistoryView.swift in Sources */,
				A1100013000000000000001A /* SkillDashboardView.swift in Sources */,
				A1100014000000000000001A /* SkillBar.swift in Sources */,
			);
			runOnlyForDeploymentPostprocessing = 0;
		};
/* End PBXSourcesBuildPhase section */

/* Begin XCBuildConfiguration section */
		1A000001000000000000001A /* Debug */ = {
			isa = XCBuildConfiguration;
			buildSettings = {
				ALWAYS_SEARCH_USER_PATHS = NO;
				ASSETCATALOG_COMPILER_GENERATE_SWIFT_ASSET_SYMBOL_EXTENSIONS = YES;
				CLANG_ANALYZER_NONNULL = YES;
				CLANG_ANALYZER_NUMBER_OBJECT_CONVERSION = YES_AGGRESSIVE;
				CLANG_CXX_LANGUAGE_STANDARD = "gnu++20";
				CLANG_ENABLE_MODULES = YES;
				CLANG_ENABLE_OBJC_ARC = YES;
				CLANG_ENABLE_OBJC_WEAK = YES;
				CLANG_WARN_BLOCK_CAPTURE_AUTORELEASING = YES;
				CLANG_WARN_BOOL_CONVERSION = YES;
				CLANG_WARN_COMMA = YES;
				CLANG_WARN_CONSTANT_CONVERSION = YES;
				CLANG_WARN_DEPRECATED_OBJC_IMPLEMENTATIONS = YES;
				CLANG_WARN_DIRECT_OBJC_ISA_USAGE = YES_ERROR;
				CLANG_WARN_DOCUMENTATION_COMMENTS = YES;
				CLANG_WARN_EMPTY_BODY = YES;
				CLANG_WARN_ENUM_CONVERSION = YES;
				CLANG_WARN_INFINITE_RECURSION = YES;
				CLANG_WARN_INT_CONVERSION = YES;
				CLANG_WARN_NON_LITERAL_NULL_CONVERSION = YES;
				CLANG_WARN_OBJC_IMPLICIT_RETAIN_SELF = YES;
				CLANG_WARN_OBJC_LITERAL_CONVERSION = YES;
				CLANG_WARN_OBJC_ROOT_CLASS = YES_ERROR;
				CLANG_WARN_QUOTED_INCLUDE_IN_FRAMEWORK_HEADER = YES;
				CLANG_WARN_RANGE_LOOP_ANALYSIS = YES;
				CLANG_WARN_STRICT_PROTOTYPES = YES;
				CLANG_WARN_SUSPICIOUS_MOVE = YES;
				CLANG_WARN_UNGUARDED_AVAILABILITY = YES_AGGRESSIVE;
				CLANG_WARN_UNREACHABLE_CODE = YES;
				CLANG_WARN__DUPLICATE_METHOD_MATCH = YES;
				COPY_PHASE_STRIP = NO;
				DEBUG_INFORMATION_FORMAT = dwarf;
				ENABLE_STRICT_OBJC_MSGSEND = YES;
				ENABLE_TESTABILITY = YES;
				ENABLE_USER_SCRIPT_SANDBOXING = YES;
				GCC_C_LANGUAGE_STANDARD = gnu17;
				GCC_DYNAMIC_NO_PIC = NO;
				GCC_NO_COMMON_BLOCKS = YES;
				GCC_OPTIMIZATION_LEVEL = 0;
				GCC_PREPROCESSOR_DEFINITIONS = (
					"DEBUG=1",
					"$(inherited)",
				);
				GCC_WARN_64_TO_32_BIT_CONVERSION = YES;
				GCC_WARN_ABOUT_RETURN_TYPE = YES_ERROR;
				GCC_WARN_UNDECLARED_SELECTOR = YES;
				GCC_WARN_UNINITIALIZED_AUTOS = YES_AGGRESSIVE;
				GCC_WARN_UNUSED_FUNCTION = YES;
				GCC_WARN_UNUSED_VARIABLE = YES;
				IPHONEOS_DEPLOYMENT_TARGET = 17.0;
				LOCALIZATION_PREFERS_STRING_CATALOGS = YES;
				MTL_ENABLE_DEBUG_INFO = INCLUDE_SOURCE;
				MTL_FAST_MATH = YES;
				ONLY_ACTIVE_ARCH = YES;
				SDKROOT = iphoneos;
				SWIFT_ACTIVE_COMPILATION_CONDITIONS = "DEBUG $(inherited)";
				SWIFT_OPTIMIZATION_LEVEL = "-Onone";
			};
			name = Debug;
		};
		1A000002000000000000001A /* Release */ = {
			isa = XCBuildConfiguration;
			buildSettings = {
				ALWAYS_SEARCH_USER_PATHS = NO;
				ASSETCATALOG_COMPILER_GENERATE_SWIFT_ASSET_SYMBOL_EXTENSIONS = YES;
				CLANG_ANALYZER_NONNULL = YES;
				CLANG_ANALYZER_NUMBER_OBJECT_CONVERSION = YES_AGGRESSIVE;
				CLANG_CXX_LANGUAGE_STANDARD = "gnu++20";
				CLANG_ENABLE_MODULES = YES;
				CLANG_ENABLE_OBJC_ARC = YES;
				CLANG_ENABLE_OBJC_WEAK = YES;
				CLANG_WARN_BLOCK_CAPTURE_AUTORELEASING = YES;
				CLANG_WARN_BOOL_CONVERSION = YES;
				CLANG_WARN_COMMA = YES;
				CLANG_WARN_CONSTANT_CONVERSION = YES;
				CLANG_WARN_DEPRECATED_OBJC_IMPLEMENTATIONS = YES;
				CLANG_WARN_DIRECT_OBJC_ISA_USAGE = YES_ERROR;
				CLANG_WARN_DOCUMENTATION_COMMENTS = YES;
				CLANG_WARN_EMPTY_BODY = YES;
				CLANG_WARN_ENUM_CONVERSION = YES;
				CLANG_WARN_INFINITE_RECURSION = YES;
				CLANG_WARN_INT_CONVERSION = YES;
				CLANG_WARN_NON_LITERAL_NULL_CONVERSION = YES;
				CLANG_WARN_OBJC_IMPLICIT_RETAIN_SELF = YES;
				CLANG_WARN_OBJC_LITERAL_CONVERSION = YES;
				CLANG_WARN_OBJC_ROOT_CLASS = YES_ERROR;
				CLANG_WARN_QUOTED_INCLUDE_IN_FRAMEWORK_HEADER = YES;
				CLANG_WARN_RANGE_LOOP_ANALYSIS = YES;
				CLANG_WARN_STRICT_PROTOTYPES = YES;
				CLANG_WARN_SUSPICIOUS_MOVE = YES;
				CLANG_WARN_UNGUARDED_AVAILABILITY = YES_AGGRESSIVE;
				CLANG_WARN_UNREACHABLE_CODE = YES;
				CLANG_WARN__DUPLICATE_METHOD_MATCH = YES;
				COPY_PHASE_STRIP = NO;
				DEBUG_INFORMATION_FORMAT = "dwarf-with-dsym";
				ENABLE_NS_ASSERTIONS = NO;
				ENABLE_STRICT_OBJC_MSGSEND = YES;
				ENABLE_USER_SCRIPT_SANDBOXING = YES;
				GCC_C_LANGUAGE_STANDARD = gnu17;
				GCC_NO_COMMON_BLOCKS = YES;
				GCC_WARN_64_TO_32_BIT_CONVERSION = YES;
				GCC_WARN_ABOUT_RETURN_TYPE = YES_ERROR;
				GCC_WARN_UNDECLARED_SELECTOR = YES;
				GCC_WARN_UNINITIALIZED_AUTOS = YES_AGGRESSIVE;
				GCC_WARN_UNUSED_FUNCTION = YES;
				GCC_WARN_UNUSED_VARIABLE = YES;
				IPHONEOS_DEPLOYMENT_TARGET = 17.0;
				LOCALIZATION_PREFERS_STRING_CATALOGS = YES;
				MTL_ENABLE_DEBUG_INFO = NO;
				MTL_FAST_MATH = YES;
				SDKROOT = iphoneos;
				SWIFT_COMPILATION_MODE = wholemodule;
				VALIDATE_PRODUCT = YES;
			};
			name = Release;
		};
		1A000003000000000000001A /* Debug */ = {
			isa = XCBuildConfiguration;
			buildSettings = {
				ASSETCATALOG_COMPILER_APPICON_NAME = AppIcon;
				ASSETCATALOG_COMPILER_GLOBAL_ACCENT_COLOR_NAME = AccentColor;
				CODE_SIGN_STYLE = Automatic;
				CURRENT_PROJECT_VERSION = 1;
				DEVELOPMENT_ASSET_PATHS = "\"RangeCaddy/Preview Content\"";
				ENABLE_PREVIEWS = YES;
				GENERATE_INFOPLIST_FILE = YES;
				INFOPLIST_KEY_UIApplicationSceneManifest_Generation = YES;
				INFOPLIST_KEY_UIApplicationSupportsIndirectInputEvents = YES;
				INFOPLIST_KEY_UILaunchScreen_Generation = YES;
				INFOPLIST_KEY_UISupportedInterfaceOrientations_iPad = "UIInterfaceOrientationPortrait UIInterfaceOrientationPortraitUpsideDown UIInterfaceOrientationLandscapeLeft UIInterfaceOrientationLandscapeRight";
				INFOPLIST_KEY_UISupportedInterfaceOrientations_iPhone = "UIInterfaceOrientationPortrait UIInterfaceOrientationLandscapeLeft UIInterfaceOrientationLandscapeRight";
				LD_RUNPATH_SEARCH_PATHS = (
					"$(inherited)",
					"@executable_path/Frameworks",
				);
				MARKETING_VERSION = 1.0;
				PRODUCT_BUNDLE_IDENTIFIER = com.rangecaddy.app;
				PRODUCT_NAME = "$(TARGET_NAME)";
				SWIFT_EMIT_LOC_STRINGS = YES;
				SWIFT_VERSION = 5.0;
				TARGETED_DEVICE_FAMILY = "1,2";
			};
			name = Debug;
		};
		1A000004000000000000001A /* Release */ = {
			isa = XCBuildConfiguration;
			buildSettings = {
				ASSETCATALOG_COMPILER_APPICON_NAME = AppIcon;
				ASSETCATALOG_COMPILER_GLOBAL_ACCENT_COLOR_NAME = AccentColor;
				CODE_SIGN_STYLE = Automatic;
				CURRENT_PROJECT_VERSION = 1;
				DEVELOPMENT_ASSET_PATHS = "\"RangeCaddy/Preview Content\"";
				ENABLE_PREVIEWS = YES;
				GENERATE_INFOPLIST_FILE = YES;
				INFOPLIST_KEY_UIApplicationSceneManifest_Generation = YES;
				INFOPLIST_KEY_UIApplicationSupportsIndirectInputEvents = YES;
				INFOPLIST_KEY_UILaunchScreen_Generation = YES;
				INFOPLIST_KEY_UISupportedInterfaceOrientations_iPad = "UIInterfaceOrientationPortrait UIInterfaceOrientationPortraitUpsideDown UIInterfaceOrientationLandscapeLeft UIInterfaceOrientationLandscapeRight";
				INFOPLIST_KEY_UISupportedInterfaceOrientations_iPhone = "UIInterfaceOrientationPortrait UIInterfaceOrientationLandscapeLeft UIInterfaceOrientationLandscapeRight";
				LD_RUNPATH_SEARCH_PATHS = (
					"$(inherited)",
					"@executable_path/Frameworks",
				);
				MARKETING_VERSION = 1.0;
				PRODUCT_BUNDLE_IDENTIFIER = com.rangecaddy.app;
				PRODUCT_NAME = "$(TARGET_NAME)";
				SWIFT_EMIT_LOC_STRINGS = YES;
				SWIFT_VERSION = 5.0;
				TARGETED_DEVICE_FAMILY = "1,2";
			};
			name = Release;
		};
/* End XCBuildConfiguration section */

/* Begin XCConfigurationList section */
		2A000001000000000000001A /* Build configuration list for PBXNativeTarget "RangeCaddy" */ = {
			isa = XCConfigurationList;
			buildConfigurations = (
				1A000003000000000000001A /* Debug */,
				1A000004000000000000001A /* Release */,
			);
			defaultConfigurationIsVisible = 0;
			defaultConfigurationName = Release;
		};
		2A000002000000000000001A /* Build configuration list for PBXProject "RangeCaddy" */ = {
			isa = XCConfigurationList;
			buildConfigurations = (
				1A000001000000000000001A /* Debug */,
				1A000002000000000000001A /* Release */,
			);
			defaultConfigurationIsVisible = 0;
			defaultConfigurationName = Release;
		};
/* End XCConfigurationList section */
	};
	rootObject = E0000001000000000000001A /* Project object */;
}
